
Microsoft Visual Studio Solution File, Format Version 12.00
# Visual Studio Version 17
VisualStudioVersion = 17.9.34714.143
MinimumVisualStudioVersion = 10.0.40219.1
Project("{9A19103F-16F7-4668-BE54-9A1E7A4F7556}") = "TuitionDbv1", "TuitionDb\TuitionDbv1.csproj", "{991BDA99-2857-4CE1-B8BA-5A06ACF81AAA}"
EndProject
Global
	GlobalSection(SolutionConfigurationPlatforms) = preSolution
		Debug|Any CPU = Debug|Any CPU
		Release|Any CPU = Release|Any CPU
	EndGlobalSection
	GlobalSection(ProjectConfigurationPlatforms) = postSolution
		{991BDA99-2857-4CE1-B8BA-5A06ACF81AAA}.Debug|Any CPU.ActiveCfg = Debug|Any CPU
		{991BDA99-2857-4CE1-B8BA-5A06ACF81AAA}.Debug|Any CPU.Build.0 = Debug|Any CPU
		{991BDA99-2857-4CE1-B8BA-5A06ACF81AAA}.Release|Any CPU.ActiveCfg = Release|Any CPU
		{991BDA99-2857-4CE1-B8BA-5A06ACF81AAA}.Release|Any CPU.Build.0 = Release|Any CPU
	EndGlobalSection
	GlobalSection(SolutionProperties) = preSolution
		HideSolutionNode = FALSE
	EndGlobalSection
	GlobalSection(ExtensibilityGlobals) = postSolution
		SolutionGuid = {5BF9CAF3-0249-4D88-8B62-B91695B7DE7F}
	EndGlobalSection
EndGlobal
